
Microsoft Visual Studio Solution File, Format Version 12.00
# Visual Studio Version 16
VisualStudioVersion = 16.0.32413.511
MinimumVisualStudioVersion = 10.0.40219.1
Project("{FAE04EC0-301F-11D3-BF4B-00C04F79EFBC}") = "DegreeCalculator", "DegreeCalculator\DegreeCalculator.csproj", "{64AB8EE6-EBBF-4C4D-AC20-35416ABA64C6}"
EndProject
Global
	GlobalSection(SolutionConfigurationPlatforms) = preSolution
		Debug|Any CPU = Debug|Any CPU
		Release|Any CPU = Release|Any CPU
	EndGlobalSection
	GlobalSection(ProjectConfigurationPlatforms) = postSolution
		{64AB8EE6-EBBF-4C4D-AC20-35416ABA64C6}.Debug|Any CPU.ActiveCfg = Debug|Any CPU
		{64AB8EE6-EBBF-4C4D-AC20-35416ABA64C6}.Debug|Any CPU.Build.0 = Debug|Any CPU
		{64AB8EE6-EBBF-4C4D-AC20-35416ABA64C6}.Release|Any CPU.ActiveCfg = Release|Any CPU
		{64AB8EE6-EBBF-4C4D-AC20-35416ABA64C6}.Release|Any CPU.Build.0 = Release|Any CPU
	EndGlobalSection
	GlobalSection(SolutionProperties) = preSolution
		HideSolutionNode = FALSE
	EndGlobalSection
	GlobalSection(ExtensibilityGlobals) = postSolution
		SolutionGuid = {F20E447C-F589-4126-AAF9-EF893BB29483}
	EndGlobalSection
EndGlobal
